
Microsoft Visual Studio Solution File, Format Version 12.00
# Visual Studio Version 16
VisualStudioVersion = 16.0.29424.173
MinimumVisualStudioVersion = 10.0.40219.1
Project("{9A19103F-16F7-4668-BE54-9A1E7A4F7556}") = "Dominio", "Dominio\Dominio.csproj", "{C6D657AF-D290-418A-A155-72A9D0885778}"
EndProject
Project("{9A19103F-16F7-4668-BE54-9A1E7A4F7556}") = "Infraestructura", "Infraestructura\Infraestructura.csproj", "{B28B682A-7719-4318-9180-67395B5DE827}"
EndProject
Project("{9A19103F-16F7-4668-BE54-9A1E7A4F7556}") = "Aplicacion", "Aplicacion\Aplicacion.csproj", "{99C5D5CD-0007-4A79-BF7C-9109421F25E0}"
EndProject
Project("{9A19103F-16F7-4668-BE54-9A1E7A4F7556}") = "WebApi", "WebApi\WebApi.csproj", "{B498C3E8-1874-47B9-A3DF-3C8A0678863B}"
EndProject
Project("{FAE04EC0-301F-11D3-BF4B-00C04F79EFBC}") = "DominioTest", "DominioTest\DominioTest.csproj", "{68468A5D-AD28-4CD2-AC82-18B9B30070CE}"
EndProject
Project("{FAE04EC0-301F-11D3-BF4B-00C04F79EFBC}") = "TestAplicacion", "TestAplicacion\TestAplicacion.csproj", "{5B662250-BD49-4AED-9E3B-8B1A7F7D1055}"
EndProject
Global
	GlobalSection(SolutionConfigurationPlatforms) = preSolution
		Debug|Any CPU = Debug|Any CPU
		Release|Any CPU = Release|Any CPU
	EndGlobalSection
	GlobalSection(ProjectConfigurationPlatforms) = postSolution
		{C6D657AF-D290-418A-A155-72A9D0885778}.Debug|Any CPU.ActiveCfg = Debug|Any CPU
		{C6D657AF-D290-418A-A155-72A9D0885778}.Debug|Any CPU.Build.0 = Debug|Any CPU
		{C6D657AF-D290-418A-A155-72A9D0885778}.Release|Any CPU.ActiveCfg = Release|Any CPU
		{C6D657AF-D290-418A-A155-72A9D0885778}.Release|Any CPU.Build.0 = Release|Any CPU
		{B28B682A-7719-4318-9180-67395B5DE827}.Debug|Any CPU.ActiveCfg = Debug|Any CPU
		{B28B682A-7719-4318-9180-67395B5DE827}.Debug|Any CPU.Build.0 = Debug|Any CPU
		{B28B682A-7719-4318-9180-67395B5DE827}.Release|Any CPU.ActiveCfg = Release|Any CPU
		{B28B682A-7719-4318-9180-67395B5DE827}.Release|Any CPU.Build.0 = Release|Any CPU
		{99C5D5CD-0007-4A79-BF7C-9109421F25E0}.Debug|Any CPU.ActiveCfg = Debug|Any CPU
		{99C5D5CD-0007-4A79-BF7C-9109421F25E0}.Debug|Any CPU.Build.0 = Debug|Any CPU
		{99C5D5CD-0007-4A79-BF7C-9109421F25E0}.Release|Any CPU.ActiveCfg = Release|Any CPU
		{99C5D5CD-0007-4A79-BF7C-9109421F25E0}.Release|Any CPU.Build.0 = Release|Any CPU
		{B498C3E8-1874-47B9-A3DF-3C8A0678863B}.Debug|Any CPU.ActiveCfg = Debug|Any CPU
		{B498C3E8-1874-47B9-A3DF-3C8A0678863B}.Debug|Any CPU.Build.0 = Debug|Any CPU
		{B498C3E8-1874-47B9-A3DF-3C8A0678863B}.Release|Any CPU.ActiveCfg = Release|Any CPU
		{B498C3E8-1874-47B9-A3DF-3C8A0678863B}.Release|Any CPU.Build.0 = Release|Any CPU
		{68468A5D-AD28-4CD2-AC82-18B9B30070CE}.Debug|Any CPU.ActiveCfg = Debug|Any CPU
		{68468A5D-AD28-4CD2-AC82-18B9B30070CE}.Debug|Any CPU.Build.0 = Debug|Any CPU
		{68468A5D-AD28-4CD2-AC82-18B9B30070CE}.Release|Any CPU.ActiveCfg = Release|Any CPU
		{68468A5D-AD28-4CD2-AC82-18B9B30070CE}.Release|Any CPU.Build.0 = Release|Any CPU
		{5B662250-BD49-4AED-9E3B-8B1A7F7D1055}.Debug|Any CPU.ActiveCfg = Debug|Any CPU
		{5B662250-BD49-4AED-9E3B-8B1A7F7D1055}.Debug|Any CPU.Build.0 = Debug|Any CPU
		{5B662250-BD49-4AED-9E3B-8B1A7F7D1055}.Release|Any CPU.ActiveCfg = Release|Any CPU
		{5B662250-BD49-4AED-9E3B-8B1A7F7D1055}.Release|Any CPU.Build.0 = Release|Any CPU
	EndGlobalSection
	GlobalSection(SolutionProperties) = preSolution
		HideSolutionNode = FALSE
	EndGlobalSection
	GlobalSection(ExtensibilityGlobals) = postSolution
		SolutionGuid = {91685C6B-7A46-4D44-95E4-44696D9493B2}
	EndGlobalSection
EndGlobal
